# Generated by buf. DO NOT EDIT.
version: v1
deps:
  - remote: buf.build
    owner: angry-popcorn
    repository: argo-workflows-apis
    commit: b7f5974d2cd7482490730f07445d95ee
  - remote: buf.build
    owner: coscene-io
    repository: kubernetes-apis
    commit: 1e6cdcee3ba34bc597a4b5dad6d0dcee
  - remote: buf.build
    owner: googleapis
    repository: googleapis
    commit: faacf837d7304c58b7c9020c7807fa6e
