buf.build/gen/go/angry-popcorn/argo-workflows-apis/protocolbuffers/go v1.28.1-20221208024923-1d741b81741c.4/go.mod h1:AHKWv/dYurBNvKRsABo3QIkwebOq5bX6t9pksKk2qJc=
buf.build/gen/go/angry-popcorn/argo-workflows-apis/protocolbuffers/go v1.28.1-20221208025330-b7f5974d2cd7.4 h1:0PoxfMaQ0F4QqfaGKX8Sbft9pMErC08fw/0c23WeyHI=
buf.build/gen/go/angry-popcorn/argo-workflows-apis/protocolbuffers/go v1.28.1-20221208025330-b7f5974d2cd7.4/go.mod h1:AHKWv/dYurBNvKRsABo3QIkwebOq5bX6t9pksKk2qJc=
buf.build/gen/go/angry-popcorn/connect-playground/bufbuild/connect-go v1.3.2-20221208024230-c5612f85e887.1 h1:6p5J7Gc5TJUOM9+D68A5Jx9yGJN6m7QbtMaChHvWPi4=
buf.build/gen/go/angry-popcorn/connect-playground/bufbuild/connect-go v1.3.2-20221208024230-c5612f85e887.1/go.mod h1:uDRndFaXlUfrD5HhFnvPnTKkKNCYLnO4SJsNHYfYDOU=
buf.build/gen/go/angry-popcorn/connect-playground/bufbuild/connect-go v1.3.2-20221208025140-ab86c74d90ba.1 h1:n92/9Q4CXzRO+nAakBiLPHAqFXDIJEMDZfyqSpd08Q0=
buf.build/gen/go/angry-popcorn/connect-playground/bufbuild/connect-go v1.3.2-20221208025140-ab86c74d90ba.1/go.mod h1:FW6XH3C+5UYjK0MksWukTsOToInqSx/1vAfIvElg3Wo=
buf.build/gen/go/angry-popcorn/connect-playground/bufbuild/connect-go v1.3.2-20221208033112-ab1a824519f0.1 h1:RZK5qFEStQWbqxxmpbIArlse57psSd/D+QlPQRM7ZQQ=
buf.build/gen/go/angry-popcorn/connect-playground/bufbuild/connect-go v1.3.2-20221208033112-ab1a824519f0.1/go.mod h1:bqkRO5RTsZKG2mPD58exYqfSGLPkp+enfz1r2yAq3hg=
buf.build/gen/go/angry-popcorn/connect-playground/protocolbuffers/go v1.28.1-20221208024230-c5612f85e887.4 h1:szb8z+qP33AjmkUf8NOJFcb627kRUPVEW46L3z8gow8=
buf.build/gen/go/angry-popcorn/connect-playground/protocolbuffers/go v1.28.1-20221208024230-c5612f85e887.4/go.mod h1:YnLLnzPhvcOsZO0rIfu3A8cu9gHUyYJYoTBHFMCw/Y0=
buf.build/gen/go/angry-popcorn/connect-playground/protocolbuffers/go v1.28.1-20221208025140-ab86c74d90ba.4 h1:oc1fCj5uYDaaa4aJSgZsrpifYQYfLWHf75mRZd+tvjU=
buf.build/gen/go/angry-popcorn/connect-playground/protocolbuffers/go v1.28.1-20221208025140-ab86c74d90ba.4/go.mod h1:TVNyKafQTHeK8+r6WUcTVP3KuDm8s38q7xeT/GwY3MU=
buf.build/gen/go/angry-popcorn/connect-playground/protocolbuffers/go v1.28.1-20221208033112-ab1a824519f0.4 h1:o2npiJ+RETCtbaM8XJ/4vQDlMcUWAjfFXj5GxmxaF24=
buf.build/gen/go/angry-popcorn/connect-playground/protocolbuffers/go v1.28.1-20221208033112-ab1a824519f0.4/go.mod h1:IdeSd1b7nuYlfpuqvSNCcAnIuTHPa+s7rK29IJYLJZA=
buf.build/gen/go/coscene-io/argo-workflows-apis/bufbuild/connect-go v1.3.1-20221205061600-0aac978bebe9.1 h1:qUYUQ75w7sNkrxB8v8nw88EXg4NFYGXxt44e+aV+Oss=
buf.build/gen/go/coscene-io/argo-workflows-apis/bufbuild/connect-go v1.3.1-20221205061600-0aac978bebe9.1/go.mod h1:1qzFjD1XYHvzBvw2j9xACOsNVKWfP7SOCsuKg7+9R7E=
buf.build/gen/go/coscene-io/argo-workflows-apis/bufbuild/connect-go v1.3.2-20221112072124-2695da33f313.1 h1:aSwI/jNELPTZodNDIfmBMypEhIljaU+OHTAx2Btwdd0=
buf.build/gen/go/coscene-io/argo-workflows-apis/bufbuild/connect-go v1.3.2-20221112072124-2695da33f313.1/go.mod h1:qnumFEAMsKjqNaiCCCYFZMefe/5WzIkXxt+H8aGZMo8=
buf.build/gen/go/coscene-io/argo-workflows-apis/bufbuild/connect-go v1.3.2-20221205061600-0aac978bebe9.1 h1:Scp5zB5Cc61BmDegtXHwQ+KHgRiPtiyssPsGaVUjZcw=
buf.build/gen/go/coscene-io/argo-workflows-apis/bufbuild/connect-go v1.3.2-20221205061600-0aac978bebe9.1/go.mod h1:fz00ptTcrV6BWExP6/X/HciCIYRTWNbSWv+VwdtsYUw=
buf.build/gen/go/coscene-io/argo-workflows-apis/protocolbuffers/go v1.28.1-20221112072124-2695da33f313.4/go.mod h1:1SG/52U1uVsQ7rf36JsrebulVfpEoNqqinqBMw53nRQ=
buf.build/gen/go/coscene-io/argo-workflows-apis/protocolbuffers/go v1.28.1-20221205061600-0aac978bebe9.4 h1:2RYDoi1rFslWJ81hDNt/b85GOK8xEgLjev4qGqU8MLg=
buf.build/gen/go/coscene-io/argo-workflows-apis/protocolbuffers/go v1.28.1-20221205061600-0aac978bebe9.4/go.mod h1:1SG/52U1uVsQ7rf36JsrebulVfpEoNqqinqBMw53nRQ=
buf.build/gen/go/coscene-io/kubernetes-apis/protocolbuffers/go v1.28.1-20221112070216-1e6cdcee3ba3.4/go.mod h1:JS5miEczsIPR3CW/dreV7aYWXmNhlrsLY7H98x4aTbw=
github.com/bufbuild/connect-go v1.3.2 h1:IFol9m9S5rEjo83pksZaaEI8Ii+S1V591H5i361S5Yc=
github.com/bufbuild/connect-go v1.3.2/go.mod h1:9iNvh/NOsfhNBUH5CtvXeVUskQO1xsrEviH7ZArwZ3I=
github.com/golang/protobuf v1.5.0/go.mod h1:FsONVRAS9T7sI+LIUmWTfcYkHO4aIWwzhcaSAoJOfIk=
github.com/google/go-cmp v0.5.5/go.mod h1:v8dTdLbMG2kIc/vJvl+f65V22dbkXbowE6jgT/gNBxE=
golang.org/x/net v0.4.0 h1:Q5QPcMlvfxFTAPV0+07Xz/MpK9NTXu2VDUuy0FeMfaU=
golang.org/x/net v0.4.0/go.mod h1:MBQ8lrhLObU/6UmLb4fmbmk5OcyYmqtbGd/9yIeKjEE=
golang.org/x/text v0.5.0 h1:OLmvp0KP+FVG99Ct/qFiL/Fhk4zp4QQnZ7b2U+5piUM=
golang.org/x/text v0.5.0/go.mod h1:mrYo+phRRbMaCq/xk9113O4dZlRixOauAjOtrjsXDZ8=
golang.org/x/xerrors v0.0.0-20191204190536-9bdfabe68543/go.mod h1:I/5z698sn9Ka8TeJc9MKroUUfqBBauWjQqLJ2OPfmY0=
google.golang.org/protobuf v1.26.0-rc.1/go.mod h1:jlhhOSvTdKEhbULTjvd4ARK9grFBp09yW+WbY/TyQbw=
google.golang.org/protobuf v1.28.1 h1:d0NfwRgPtno5B1Wa6L2DAG+KivqkdutMf1UhdNx175w=
google.golang.org/protobuf v1.28.1/go.mod h1:HV8QOd/L58Z+nl8r43ehVNZIU/HEI6OcFqwMG9pJV4I=
